{
    "_meta": {
        "hash": {
            "sha256": "5dac90fc87a883b43dbe354db8919f43b7d6aec9f58167e3c678afd4fed41da3"
        },
        "pipfile-spec": 6,
        "requires": {
            "python_version": "3.8"
        },
        "sources": [
            {
                "name": "pypi",
                "url": "https://pypi.org/simple",
                "verify_ssl": true
            }
        ]
    },
    "default": {
        "certifi": {
            "hashes": [
                "sha256:1a4995114262bffbc2413b159f2a1a480c969de6e6eb13ee966d470af86af59c",
                "sha256:719a74fb9e33b9bd44cc7f3a8d94bc35e4049deebe19ba7d8e108280cfd59830"
            ],
            "version": "==2020.12.5"
        },
        "chardet": {
            "hashes": [
                "sha256:0d6f53a15db4120f2b08c94f11e7d93d2c911ee118b6b30a04ec3ee8310179fa",
                "sha256:f864054d66fd9118f2e67044ac8981a54775ec5b67aed0441892edb553d21da5"
            ],
            "markers": "python_version >= '2.7' and python_version not in '3.0, 3.1, 3.2, 3.3, 3.4'",
            "version": "==4.0.0"
        },
        "idna": {
            "hashes": [
                "sha256:b307872f855b18632ce0c21c5e45be78c0ea7ae4c15c828c20788b26921eb3f6",
                "sha256:b97d804b1e9b523befed77c48dacec60e6dcb0b5391d57af6a65a312a90648c0"
            ],
            "markers": "python_version >= '2.7' and python_version not in '3.0, 3.1, 3.2, 3.3'",
            "version": "==2.10"
        },
        "rapidfuzz": {
            "hashes": [
                "sha256:03d4fefc4a4ca0512040d0753d0be79d920d22e56cd2bc25f2ee6bdcd4176dc9",
                "sha256:076943f5b318483c263584cec59763d1aac70ea0dab5f5653fde495cd1e6395f",
                "sha256:096b445dca7972161cdd1f856969414dde7cc9b09ff420005092d7b31139d41c",
                "sha256:0ac6016f99dc36d490251c8b0910d7445921ca950ac204a4d299c0a298db8f0c",
                "sha256:0e3570ea068e0704f7b43d5228e97c45954dec370114071139fdd9cf731a1750",
                "sha256:1b52b7139b98d559bbd977bd28b7e68a8d75dc2345122ca8fcf938e7ff72b295",
                "sha256:1cb927ea0904caad8f2923dfdfa0975c93fdc8528b882feda78cbfc373ffa229",
                "sha256:1d5a8f133fb85ea2ed882ab7053d69d0a60cc0c0a7e8bc30bb5e306066279508",
                "sha256:24a8af40f7fc41795892be937cf3480d5cd8ae1f62ef6a845e7258d05c9ab35c",
                "sha256:25edcf5a805479dd434155ea88e9e76e9b3677b670800d5e95e04556e1a4a0e0",
                "sha256:2997f73a0cb5abc3a31e8c740a908be426d71db38827486881728470cc60b2c5",
                "sha256:2ba61d15d0ac83800f7a283b4c188ab54ac8595b1181714cc06b5f04ef33542a",
                "sha256:324f6b13274abdbed51d709d6a930cf1408c26a8013e279283f0131b5fc29ac0",
                "sha256:3438c6db485dd5a3716a7f2e92a262b05db959f03712c4423b68a32453a5957d",
                "sha256:3d2d91358994e2b8379dc529399521c2a3ec727bfdcea7552b0877be1ec54117",
                "sha256:3db9d3ea27f0926a137f0e0169f5b29dd49b88fb0171ed7dfce224b890a86f11",
                "sha256:3efb9f3c0d1ea0ec82d38075306f7e721dd88fb9ec0684dd350d73d83df6ba53",
                "sha256:3f07c9e13457620e32caa8192aa04e8bf8b99dab2d93a9679ef829c86e98fede",
                "sha256:41b28235f68475a865a94b4c0bee3259f525aac523d182432b68f5cafa35d9a1",
                "sha256:45d20908601158d06c65d9ed4a54585dc32bd49cadefc385374f77b9a4696368",
                "sha256:460bacd89c129cf1aefc56ae465f642c712aa9b620e74305040a1cf6975cc510",
                "sha256:4ab4513fbe47618dab0ffbdea7beb73695d730a424b8df719aee80e48f8d00ff",
                "sha256:4fbbe7129df9ecd818f259136f598241206a6ac10b09763eafcf6fd1ca0fe83f",
                "sha256:525634b52c0d9544b19105230fe0e09d2dce43901fa5f019a547d8667299f2b8",
                "sha256:5afa7539fb45b3c97fed67ca75a99ad7affce14561a3bd11e1c8d665b20ea8ab",
                "sha256:5cadbd3f5df7e02dc11b819af860cb1a5365a49de515b76bf5dad62a3724ebaf",
                "sha256:66c5579effe2a846117b4f499ab6910d164804c8fe31846a80981992d1b78e6e",
                "sha256:67a0af6e486bc706f9f64cbd024a0d8d8b63726df95bb7c7a155791391f19567",
                "sha256:6f18c4d9fc65caf6068e306acc40192ade6d9af88939eeda3617864b4d2e8abf",
                "sha256:6f97fdca7a43ddb4258ddc2d6a8e960b0f5b369346d8bac02cc20b7b51721eb1",
                "sha256:7891ecf01052b69c0e0cc94695a506dd1374636292eca26e061a0c1dc3165f02",
                "sha256:78b4e66dec10f9f3d7cc35e6924442b8c121bdaa8a0dbd70311561fd9ff87170",
                "sha256:7e2196346ae5a1a2ac79c780d63983df93c1dbbea8aed910c43ad13c67bddc35",
                "sha256:9059004a081a86f3fbdb44e3d36897264196883a339f740476d1869dd41e4068",
                "sha256:92ee666f0cfa47e74e745e2bb794b43c6eeba2931c873a91b45b3439018cae77",
                "sha256:9573c989a78866269ced934a5a345ea44d05f4b69576d91c7e5b21771d19e030",
                "sha256:9931dad05f4d51cc4a610db3f33cc3631c4547412b4925380cca7f6f07041cb0",
                "sha256:9aa106d30859a57a1447346cdeddeb7015748281f43f2054e3276551406c39c5",
                "sha256:9d97ae27902ffc2efa87b272a79a7376ddea1639b969bf995f2b521c88c2d99e",
                "sha256:a2122c78ffcae47f562450928be439a5b94ddb5b0e0d8e365ee1d08e8fe6874f",
                "sha256:a73a69108cc96fad0f57f374315107eef9e80f997da7483799a262616cc0ef31",
                "sha256:aa19c9c1b53f6019de4d2451a62b2cba1dee49e53f58905c84215e17a4ba3fed",
                "sha256:aae04e463205b363f95ca6971d7f9e3ed39f65a5ef7fee35b01775bba1dde374",
                "sha256:ac3bc9341d8f265eb65a66ec88f351851e89a0f22be916ed4e74590e347f159e",
                "sha256:b08e8f3dbfd718832dfc77ea87484a8b8942c4f3fafacfd92b1204679d97d8fd",
                "sha256:b4e16aacf5969f0a24dc530d0aa610df105d8fa7dd2aa282a7db98a8039c1719",
                "sha256:bdb9942565fb10bca30e707b8c96e6e5544bd4c604394fc92596355c34fef258",
                "sha256:c3679dad6789183219dea5ddb927bf62211dc1fdf5b6d17ad49971d2895f9518",
                "sha256:c524cb3267a48ff826f54b70a396e0bc6eb5ba997f2900bc6eff242e43aaafb4",
                "sha256:c92b7e3148a90ac9f8740e4235c64cf5a02d15a4cfbd3aa580e62327e22d4d6a",
                "sha256:d25d6f7d94b17a962526c2261cc8fc2e292c5a071db810aeb9d48771ae9ec3e6",
                "sha256:d282448a4121a947daa540fdf0e9a8808adcf81168cfca0da9786768f6209fbb",
                "sha256:d49956421daad639040e44dc12b301eb3f105f2ca4a5e9b32ed6c9650f02789a",
                "sha256:e61d8870134c3f419634387c9baa3997f4e5c4294fe620de39662562089212cf",
                "sha256:ec74086dd1e00f8beeeda14aab80657c7dd84a8c4a7ab67bddce1f2ad41dbe1f",
                "sha256:ed0387466970882468535a4a49bc14336783c55035a7e5d0edb36d05e253b8fe",
                "sha256:eeb6e1c0d63dc4909dfb7daa105c035ff6713189b5ea1c312f7e760f986296c0",
                "sha256:f027a7df163f5f1d13d9ea60bf06d8bc0730194a2d584c3185c3a77c1a145916",
                "sha256:f02b615ad69279e6ed61a7ba072494cd05cfddde210472956139d3361f8f20d1",
                "sha256:f22193795ef02f9a6bf90e3898a81b927dfdb80c62c6cd3e59d87330a6d4bcf1",
                "sha256:f6a95ed17d7750ca75f11751ab46365c58f37a5d846e2b21d072d7a0e77ffa72"
            ],
            "index": "pypi",
            "version": "==1.3.0"
        },
        "requests": {
            "hashes": [
                "sha256:27973dd4a904a4f13b263a19c866c13b92a39ed1c964655f025f3f8d3d75b804",
                "sha256:c210084e36a42ae6b9219e00e48287def368a26d03a048ddad7bfee44f75871e"
            ],
            "index": "pypi",
            "version": "==2.25.1"
        },
        "urllib3": {
            "hashes": [
                "sha256:2f4da4594db7e1e110a944bb1b551fdf4e6c136ad42e4234131391e21eb5b0df",
                "sha256:e7b021f7241115872f92f43c6508082facffbd1c048e3c6e2bb9c2a157e28937"
            ],
            "markers": "python_version >= '2.7' and python_version not in '3.0, 3.1, 3.2, 3.3, 3.4' and python_version < '4'",
            "version": "==1.26.4"
        }
    },
    "develop": {
        "atomicwrites": {
            "hashes": [
                "sha256:6d1784dea7c0c8d4a5172b6c620f40b6e4cbfdf96d783691f2e1302a7b88e197",
                "sha256:ae70396ad1a434f9c7046fd2dd196fc04b12f9e91ffb859164193be8b6168a7a"
            ],
            "markers": "sys_platform == 'win32'",
            "version": "==1.4.0"
        },
        "attrs": {
            "hashes": [
                "sha256:31b2eced602aa8423c2aea9c76a724617ed67cf9513173fd3a4f03e3a929c7e6",
                "sha256:832aa3cde19744e49938b91fea06d69ecb9e649c93ba974535d08ad92164f700"
            ],
            "markers": "python_version >= '2.7' and python_version not in '3.0, 3.1, 3.2, 3.3'",
            "version": "==20.3.0"
        },
        "colorama": {
            "hashes": [
                "sha256:5941b2b48a20143d2267e95b1c2a7603ce057ee39fd88e7329b0c292aa16869b",
                "sha256:9f47eda37229f68eee03b24b9748937c7dc3868f906e8ba69fbcbdd3bc5dc3e2"
            ],
            "markers": "sys_platform == 'win32'",
            "version": "==0.4.4"
        },
        "iniconfig": {
            "hashes": [
                "sha256:011e24c64b7f47f6ebd835bb12a743f2fbe9a26d4cecaa7f53bc4f35ee9da8b3",
                "sha256:bc3af051d7d14b2ee5ef9969666def0cd1a000e121eaea580d4a313df4b37f32"
            ],
            "version": "==1.1.1"
        },
        "packaging": {
            "hashes": [
                "sha256:5b327ac1320dc863dca72f4514ecc086f31186744b84a230374cc1fd776feae5",
                "sha256:67714da7f7bc052e064859c05c595155bd1ee9f69f76557e21f051443c20947a"
            ],
            "markers": "python_version >= '2.7' and python_version not in '3.0, 3.1, 3.2, 3.3'",
            "version": "==20.9"
        },
        "pluggy": {
            "hashes": [
                "sha256:15b2acde666561e1298d71b523007ed7364de07029219b604cf808bfa1c765b0",
                "sha256:966c145cd83c96502c3c3868f50408687b38434af77734af1e9ca461a4081d2d"
            ],
            "markers": "python_version >= '2.7' and python_version not in '3.0, 3.1, 3.2, 3.3'",
            "version": "==0.13.1"
        },
        "py": {
            "hashes": [
                "sha256:21b81bda15b66ef5e1a777a21c4dcd9c20ad3efd0b3f817e7a809035269e1bd3",
                "sha256:3b80836aa6d1feeaa108e046da6423ab8f6ceda6468545ae8d02d9d58d18818a"
            ],
            "markers": "python_version >= '2.7' and python_version not in '3.0, 3.1, 3.2, 3.3'",
            "version": "==1.10.0"
        },
        "pyparsing": {
            "hashes": [
                "sha256:c203ec8783bf771a155b207279b9bccb8dea02d8f0c9e5f8ead507bc3246ecc1",
                "sha256:ef9d7589ef3c200abe66653d3f1ab1033c3c419ae9b9bdb1240a85b024efc88b"
            ],
            "markers": "python_version >= '2.6' and python_version not in '3.0, 3.1, 3.2, 3.3'",
            "version": "==2.4.7"
        },
        "pytest": {
            "hashes": [
                "sha256:9d1edf9e7d0b84d72ea3dbcdfd22b35fb543a5e8f2a60092dd578936bf63d7f9",
                "sha256:b574b57423e818210672e07ca1fa90aaf194a4f63f3ab909a2c67ebb22913839"
            ],
            "index": "pypi",
            "version": "==6.2.2"
        },
        "toml": {
            "hashes": [
                "sha256:806143ae5bfb6a3c6e736a764057db0e6a0e05e338b5630894a5f779cabb4f9b",
                "sha256:b3bda1d108d5dd99f4a20d24d9c348e91c4db7ab1b749200bded2f839ccbe68f"
            ],
            "markers": "python_version >= '2.6' and python_version not in '3.0, 3.1, 3.2, 3.3'",
            "version": "==0.10.2"
        }
    }
}
